
Microsoft Visual Studio Solution File, Format Version 12.00
# Visual Studio Version 17
VisualStudioVersion = 17.14.36429.23 d17.14
MinimumVisualStudioVersion = 10.0.40219.1
Project("{FAE04EC0-301F-11D3-BF4B-00C04F79EFBC}") = "A1.9_Menus_Irene", "A1.9_Menus_Irene\A1.9_Menus_Irene.csproj", "{30FE46D8-5903-4EF6-B941-3759C423DB7D}"
EndProject
Global
	GlobalSection(SolutionConfigurationPlatforms) = preSolution
		Debug|Any CPU = Debug|Any CPU
		Release|Any CPU = Release|Any CPU
	EndGlobalSection
	GlobalSection(ProjectConfigurationPlatforms) = postSolution
		{30FE46D8-5903-4EF6-B941-3759C423DB7D}.Debug|Any CPU.ActiveCfg = Debug|Any CPU
		{30FE46D8-5903-4EF6-B941-3759C423DB7D}.Debug|Any CPU.Build.0 = Debug|Any CPU
		{30FE46D8-5903-4EF6-B941-3759C423DB7D}.Release|Any CPU.ActiveCfg = Release|Any CPU
		{30FE46D8-5903-4EF6-B941-3759C423DB7D}.Release|Any CPU.Build.0 = Release|Any CPU
	EndGlobalSection
	GlobalSection(SolutionProperties) = preSolution
		HideSolutionNode = FALSE
	EndGlobalSection
	GlobalSection(ExtensibilityGlobals) = postSolution
		SolutionGuid = {AE573F70-ECD9-4808-A4FD-563C946AF232}
	EndGlobalSection
EndGlobal
