
Microsoft Visual Studio Solution File, Format Version 12.00
# Visual Studio Version 17
VisualStudioVersion = 17.14.36429.23 d17.14
MinimumVisualStudioVersion = 10.0.40219.1
Project("{FAE04EC0-301F-11D3-BF4B-00C04F79EFBC}") = "A1.8_Controles_Irene_Larumbe", "A1.8_Controles_Irene_Larumbe\A1.8_Controles_Irene_Larumbe.csproj", "{65857968-8B41-472E-8855-2F6AB574F2B8}"
EndProject
Global
	GlobalSection(SolutionConfigurationPlatforms) = preSolution
		Debug|Any CPU = Debug|Any CPU
		Release|Any CPU = Release|Any CPU
	EndGlobalSection
	GlobalSection(ProjectConfigurationPlatforms) = postSolution
		{65857968-8B41-472E-8855-2F6AB574F2B8}.Debug|Any CPU.ActiveCfg = Debug|Any CPU
		{65857968-8B41-472E-8855-2F6AB574F2B8}.Debug|Any CPU.Build.0 = Debug|Any CPU
		{65857968-8B41-472E-8855-2F6AB574F2B8}.Release|Any CPU.ActiveCfg = Release|Any CPU
		{65857968-8B41-472E-8855-2F6AB574F2B8}.Release|Any CPU.Build.0 = Release|Any CPU
	EndGlobalSection
	GlobalSection(SolutionProperties) = preSolution
		HideSolutionNode = FALSE
	EndGlobalSection
	GlobalSection(ExtensibilityGlobals) = postSolution
		SolutionGuid = {B14C7662-1965-417B-8251-5976A7DC5EC4}
	EndGlobalSection
EndGlobal
