
Microsoft Visual Studio Solution File, Format Version 12.00
# Visual Studio Version 17
VisualStudioVersion = 17.14.36429.23 d17.14
MinimumVisualStudioVersion = 10.0.40219.1
Project("{FAE04EC0-301F-11D3-BF4B-00C04F79EFBC}") = "WPF BBDD Juego", "WPF BBDD Juego\WPF BBDD Juego.csproj", "{77803EDB-3E7B-462A-A0FD-02E638C4F086}"
EndProject
Global
	GlobalSection(SolutionConfigurationPlatforms) = preSolution
		Debug|Any CPU = Debug|Any CPU
		Release|Any CPU = Release|Any CPU
	EndGlobalSection
	GlobalSection(ProjectConfigurationPlatforms) = postSolution
		{77803EDB-3E7B-462A-A0FD-02E638C4F086}.Debug|Any CPU.ActiveCfg = Debug|Any CPU
		{77803EDB-3E7B-462A-A0FD-02E638C4F086}.Debug|Any CPU.Build.0 = Debug|Any CPU
		{77803EDB-3E7B-462A-A0FD-02E638C4F086}.Release|Any CPU.ActiveCfg = Release|Any CPU
		{77803EDB-3E7B-462A-A0FD-02E638C4F086}.Release|Any CPU.Build.0 = Release|Any CPU
	EndGlobalSection
	GlobalSection(SolutionProperties) = preSolution
		HideSolutionNode = FALSE
	EndGlobalSection
	GlobalSection(ExtensibilityGlobals) = postSolution
		SolutionGuid = {E977FEA8-5C26-4C2F-AFB9-A3AEB9439B1E}
	EndGlobalSection
EndGlobal
